
Microsoft Visual Studio Solution File, Format Version 12.00
# Visual Studio Version 17
VisualStudioVersion = 17.8.34330.188
MinimumVisualStudioVersion = 10.0.40219.1
Project("{2150E333-8FDC-42A3-9474-1A3956D46DE8}") = "src", "src", "{EA7F6667-67BE-40CB-8460-090D5E3EFC21}"
EndProject
Project("{FAE04EC0-301F-11D3-BF4B-00C04F79EFBC}") = "Domain", "src\Domain\Domain.csproj", "{2BB91C45-9D63-4A48-BE7E-F44B749DAC0F}"
EndProject
Project("{FAE04EC0-301F-11D3-BF4B-00C04F79EFBC}") = "Service", "src\Service\Service.csproj", "{4504EBF4-2EFC-40CE-B15E-7CCFFDDC1574}"
EndProject
Global
	GlobalSection(SolutionConfigurationPlatforms) = preSolution
		Debug|Any CPU = Debug|Any CPU
		Release|Any CPU = Release|Any CPU
	EndGlobalSection
	GlobalSection(ProjectConfigurationPlatforms) = postSolution
		{2BB91C45-9D63-4A48-BE7E-F44B749DAC0F}.Debug|Any CPU.ActiveCfg = Debug|Any CPU
		{2BB91C45-9D63-4A48-BE7E-F44B749DAC0F}.Debug|Any CPU.Build.0 = Debug|Any CPU
		{2BB91C45-9D63-4A48-BE7E-F44B749DAC0F}.Release|Any CPU.ActiveCfg = Release|Any CPU
		{2BB91C45-9D63-4A48-BE7E-F44B749DAC0F}.Release|Any CPU.Build.0 = Release|Any CPU
		{4504EBF4-2EFC-40CE-B15E-7CCFFDDC1574}.Debug|Any CPU.ActiveCfg = Debug|Any CPU
		{4504EBF4-2EFC-40CE-B15E-7CCFFDDC1574}.Debug|Any CPU.Build.0 = Debug|Any CPU
		{4504EBF4-2EFC-40CE-B15E-7CCFFDDC1574}.Release|Any CPU.ActiveCfg = Release|Any CPU
		{4504EBF4-2EFC-40CE-B15E-7CCFFDDC1574}.Release|Any CPU.Build.0 = Release|Any CPU
	EndGlobalSection
	GlobalSection(SolutionProperties) = preSolution
		HideSolutionNode = FALSE
	EndGlobalSection
	GlobalSection(NestedProjects) = preSolution
		{2BB91C45-9D63-4A48-BE7E-F44B749DAC0F} = {EA7F6667-67BE-40CB-8460-090D5E3EFC21}
		{4504EBF4-2EFC-40CE-B15E-7CCFFDDC1574} = {EA7F6667-67BE-40CB-8460-090D5E3EFC21}
	EndGlobalSection
	GlobalSection(ExtensibilityGlobals) = postSolution
		SolutionGuid = {82F11D14-F3E4-482C-9093-CD57D4856D90}
	EndGlobalSection
EndGlobal
